{
  "name": "github-dark-chroma-theme",
  "version": "0.1.0",
  "lockfileVersion": 2,
  "requires": true,
  "packages": {
    "": {
      "name": "github-dark-chroma-theme",
      "version": "0.1.0",
      "license": "MIT",
      "devDependencies": {
        "@primer/primitives": "^4.8.1",
        "jss": "^10.8.0",
        "jss-preset-default": "^10.8.0"
      }
    },
    "node_modules/@babel/runtime": {
      "version": "7.15.4",
      "resolved": "https://registry.npmjs.org/@babel/runtime/-/runtime-7.15.4.tgz",
      "integrity": "sha512-99catp6bHCaxr4sJ/DbTGgHS4+Rs2RVd2g7iOap6SLGPDknRK9ztKNsE/Fg6QhSeh1FGE5f6gHGQmvvn3I3xhw==",
      "dev": true,
      "dependencies": {
        "regenerator-runtime": "^0.13.4"
      },
      "engines": {
        "node": ">=6.9.0"
      }
    },
    "node_modules/@primer/primitives": {
      "version": "4.8.1",
      "resolved": "https://registry.npmjs.org/@primer/primitives/-/primitives-4.8.1.tgz",
      "integrity": "sha512-mgr6+EKpn4DixuhLt3drk7QmNQO8M7RYONWovg1nkV7p56jklhDLfZmp1luLUee37eQGAxx3ToStL6gqINFjnQ==",
      "dev": true
    },
    "node_modules/css-vendor": {
      "version": "2.0.8",
      "resolved": "https://registry.npmjs.org/css-vendor/-/css-vendor-2.0.8.tgz",
      "integrity": "sha512-x9Aq0XTInxrkuFeHKbYC7zWY8ai7qJ04Kxd9MnvbC1uO5DagxoHQjm4JvG+vCdXOoFtCjbL2XSZfxmoYa9uQVQ==",
      "dev": true,
      "dependencies": {
        "@babel/runtime": "^7.8.3",
        "is-in-browser": "^1.0.2"
      }
    },
    "node_modules/csstype": {
      "version": "3.0.9",
      "resolved": "https://registry.npmjs.org/csstype/-/csstype-3.0.9.tgz",
      "integrity": "sha512-rpw6JPxK6Rfg1zLOYCSwle2GFOOsnjmDYDaBwEcwoOg4qlsIVCN789VkBZDJAGi4T07gI4YSutR43t9Zz4Lzuw==",
      "dev": true
    },
    "node_modules/hyphenate-style-name": {
      "version": "1.0.4",
      "resolved": "https://registry.npmjs.org/hyphenate-style-name/-/hyphenate-style-name-1.0.4.tgz",
      "integrity": "sha512-ygGZLjmXfPHj+ZWh6LwbC37l43MhfztxetbFCoYTM2VjkIUpeHgSNn7QIyVFj7YQ1Wl9Cbw5sholVJPzWvC2MQ==",
      "dev": true
    },
    "node_modules/is-in-browser": {
      "version": "1.1.3",
      "resolved": "https://registry.npmjs.org/is-in-browser/-/is-in-browser-1.1.3.tgz",
      "integrity": "sha1-Vv9NtoOgeMYILrldrX3GLh0E+DU=",
      "dev": true
    },
    "node_modules/jss": {
      "version": "10.8.0",
      "resolved": "https://registry.npmjs.org/jss/-/jss-10.8.0.tgz",
      "integrity": "sha512-6fAMLJrVQ8epM5ghghxWqCwRR0ZamP2cKbOAtzPudcCMSNdAqtvmzQvljUZYR8OXJIeb/IpZeOXA1sDXms4R1w==",
      "dev": true,
      "dependencies": {
        "@babel/runtime": "^7.3.1",
        "csstype": "^3.0.2",
        "is-in-browser": "^1.1.3",
        "tiny-warning": "^1.0.2"
      },
      "funding": {
        "type": "opencollective",
        "url": "https://opencollective.com/jss"
      }
    },
    "node_modules/jss-plugin-camel-case": {
      "version": "10.8.0",
      "resolved": "https://registry.npmjs.org/jss-plugin-camel-case/-/jss-plugin-camel-case-10.8.0.tgz",
      "integrity": "sha512-yxlXrXwcCdGw+H4BC187dEu/RFyW8joMcWfj8Rk9UPgWTKu2Xh7Sib4iW3xXjHe/t5phOHF1rBsHleHykWix7g==",
      "dev": true,
      "dependencies": {
        "@babel/runtime": "^7.3.1",
        "hyphenate-style-name": "^1.0.3",
        "jss": "10.8.0"
      }
    },
    "node_modules/jss-plugin-compose": {
      "version": "10.8.0",
      "resolved": "https://registry.npmjs.org/jss-plugin-compose/-/jss-plugin-compose-10.8.0.tgz",
      "integrity": "sha512-rTUkBtrXhIiqXZ+U+36HTdnL6B2464gPAqiggKKbgoSkt3w922htwFO9ejwHCmZg5zcH1BSAbDpR24dtGvKd/g==",
      "dev": true,
      "dependencies": {
        "@babel/runtime": "^7.3.1",
        "jss": "10.8.0",
        "tiny-warning": "^1.0.2"
      }
    },
    "node_modules/jss-plugin-default-unit": {
      "version": "10.8.0",
      "resolved": "https://registry.npmjs.org/jss-plugin-default-unit/-/jss-plugin-default-unit-10.8.0.tgz",
      "integrity": "sha512-9XJV546cY9zV9OvIE/v/dOaxSi4062VfYQQfwbplRExcsU2a79Yn+qDz/4ciw6P4LV1Naq90U+OffAGRHfNq/Q==",
      "dev": true,
      "dependencies": {
        "@babel/runtime": "^7.3.1",
        "jss": "10.8.0"
      }
    },
    "node_modules/jss-plugin-expand": {
      "version": "10.8.0",
      "resolved": "https://registry.npmjs.org/jss-plugin-expand/-/jss-plugin-expand-10.8.0.tgz",
      "integrity": "sha512-ax5IEmcpkGFzyFpUIsDrEbxAd2w9M2GezP4uHcOdBNAmUTGBNFQ8VHjz6N9W1815RM4W9ChuLDjnPz1weDn4vQ==",
      "dev": true,
      "dependencies": {
        "@babel/runtime": "^7.3.1",
        "jss": "10.8.0"
      }
    },
    "node_modules/jss-plugin-extend": {
      "version": "10.8.0",
      "resolved": "https://registry.npmjs.org/jss-plugin-extend/-/jss-plugin-extend-10.8.0.tgz",
      "integrity": "sha512-P5GyV9LaLJ/lcodznDnMfTNgvLPL6RQg2Y6gdvkWrSb8xZmMWOKOoYe30THFkkNHGG43dE4OPZaVVDca6heyPw==",
      "dev": true,
      "dependencies": {
        "@babel/runtime": "^7.3.1",
        "jss": "10.8.0",
        "tiny-warning": "^1.0.2"
      }
    },
    "node_modules/jss-plugin-global": {
      "version": "10.8.0",
      "resolved": "https://registry.npmjs.org/jss-plugin-global/-/jss-plugin-global-10.8.0.tgz",
      "integrity": "sha512-H/8h/bHd4e7P0MpZ9zaUG8NQSB2ie9rWo/vcCP6bHVerbKLGzj+dsY22IY3+/FNRS8zDmUyqdZx3rD8k4nmH4w==",
      "dev": true,
      "dependencies": {
        "@babel/runtime": "^7.3.1",
        "jss": "10.8.0"
      }
    },
    "node_modules/jss-plugin-nested": {
      "version": "10.8.0",
      "resolved": "https://registry.npmjs.org/jss-plugin-nested/-/jss-plugin-nested-10.8.0.tgz",
      "integrity": "sha512-MhmINZkSxyFILcFBuDoZmP1+wj9fik/b9SsjoaggkGjdvMQCES21mj4K5ZnRGVm448gIXyi9j/eZjtDzhaHUYQ==",
      "dev": true,
      "dependencies": {
        "@babel/runtime": "^7.3.1",
        "jss": "10.8.0",
        "tiny-warning": "^1.0.2"
      }
    },
    "node_modules/jss-plugin-props-sort": {
      "version": "10.8.0",
      "resolved": "https://registry.npmjs.org/jss-plugin-props-sort/-/jss-plugin-props-sort-10.8.0.tgz",
      "integrity": "sha512-VY+Wt5WX5GMsXDmd+Ts8+O16fpiCM81svbox++U3LDbJSM/g9FoMx3HPhwUiDfmgHL9jWdqEuvSl/JAk+mh6mQ==",
      "dev": true,
      "dependencies": {
        "@babel/runtime": "^7.3.1",
        "jss": "10.8.0"
      }
    },
    "node_modules/jss-plugin-rule-value-function": {
      "version": "10.8.0",
      "resolved": "https://registry.npmjs.org/jss-plugin-rule-value-function/-/jss-plugin-rule-value-function-10.8.0.tgz",
      "integrity": "sha512-R8N8Ma6Oye1F9HroiUuHhVjpPsVq97uAh+rMI6XwKLqirIu2KFb5x33hPj+vNBMxSHc9jakhf5wG0BbQ7fSDOg==",
      "dev": true,
      "dependencies": {
        "@babel/runtime": "^7.3.1",
        "jss": "10.8.0",
        "tiny-warning": "^1.0.2"
      }
    },
    "node_modules/jss-plugin-rule-value-observable": {
      "version": "10.8.0",
      "resolved": "https://registry.npmjs.org/jss-plugin-rule-value-observable/-/jss-plugin-rule-value-observable-10.8.0.tgz",
      "integrity": "sha512-hd3O7dsiWBUfThZTJGtwGqFx2nFLp7lhuAekZ9lw6eDyLGG4+LlcTEUSL6cqcA9bHEgonz8wRI91cQiIk7C2/g==",
      "dev": true,
      "dependencies": {
        "@babel/runtime": "^7.3.1",
        "jss": "10.8.0",
        "symbol-observable": "^1.2.0"
      }
    },
    "node_modules/jss-plugin-template": {
      "version": "10.8.0",
      "resolved": "https://registry.npmjs.org/jss-plugin-template/-/jss-plugin-template-10.8.0.tgz",
      "integrity": "sha512-YpyJ1fNoCltl/oaxYRpkFHu8oycDoZCVNVaNR05W6qU1ZKUk6CGr0VHuoWJrncvPDoclhCqEmh8Dzy3twHtWIQ==",
      "dev": true,
      "dependencies": {
        "@babel/runtime": "^7.3.1",
        "jss": "10.8.0",
        "tiny-warning": "^1.0.2"
      }
    },
    "node_modules/jss-plugin-vendor-prefixer": {
      "version": "10.8.0",
      "resolved": "https://registry.npmjs.org/jss-plugin-vendor-prefixer/-/jss-plugin-vendor-prefixer-10.8.0.tgz",
      "integrity": "sha512-G1zD0J8dFwKZQ+GaZaay7A/Tg7lhDw0iEkJ/iFFA5UPuvZFpMprCMQttXcTBhLlhhWnyZ8YPn4yqp+amrhQekw==",
      "dev": true,
      "dependencies": {
        "@babel/runtime": "^7.3.1",
        "css-vendor": "^2.0.8",
        "jss": "10.8.0"
      }
    },
    "node_modules/jss-preset-default": {
      "version": "10.8.0",
      "resolved": "https://registry.npmjs.org/jss-preset-default/-/jss-preset-default-10.8.0.tgz",
      "integrity": "sha512-GgB/sgosf8O6v1H9wZ2sXuC142lU+rvGtRZSuyW3W4lfn9Q9hxq6mNGd6hGmYHDHPM2FbbFxOo50E0U8R4xKCw==",
      "dev": true,
      "dependencies": {
        "@babel/runtime": "^7.3.1",
        "jss": "10.8.0",
        "jss-plugin-camel-case": "10.8.0",
        "jss-plugin-compose": "10.8.0",
        "jss-plugin-default-unit": "10.8.0",
        "jss-plugin-expand": "10.8.0",
        "jss-plugin-extend": "10.8.0",
        "jss-plugin-global": "10.8.0",
        "jss-plugin-nested": "10.8.0",
        "jss-plugin-props-sort": "10.8.0",
        "jss-plugin-rule-value-function": "10.8.0",
        "jss-plugin-rule-value-observable": "10.8.0",
        "jss-plugin-template": "10.8.0",
        "jss-plugin-vendor-prefixer": "10.8.0"
      }
    },
    "node_modules/regenerator-runtime": {
      "version": "0.13.9",
      "resolved": "https://registry.npmjs.org/regenerator-runtime/-/regenerator-runtime-0.13.9.tgz",
      "integrity": "sha512-p3VT+cOEgxFsRRA9X4lkI1E+k2/CtnKtU4gcxyaCUreilL/vqI6CdZ3wxVUx3UOUg+gnUOQQcRI7BmSI656MYA==",
      "dev": true
    },
    "node_modules/symbol-observable": {
      "version": "1.2.0",
      "resolved": "https://registry.npmjs.org/symbol-observable/-/symbol-observable-1.2.0.tgz",
      "integrity": "sha512-e900nM8RRtGhlV36KGEU9k65K3mPb1WV70OdjfxlG2EAuM1noi/E/BaW/uMhL7bPEssK8QV57vN3esixjUvcXQ==",
      "dev": true,
      "engines": {
        "node": ">=0.10.0"
      }
    },
    "node_modules/tiny-warning": {
      "version": "1.0.3",
      "resolved": "https://registry.npmjs.org/tiny-warning/-/tiny-warning-1.0.3.tgz",
      "integrity": "sha512-lBN9zLN/oAf68o3zNXYrdCt1kP8WsiGW8Oo2ka41b2IM5JL/S1CTyX1rW0mb/zSuJun0ZUrDxx4sqvYS2FWzPA==",
      "dev": true
    }
  },
  "dependencies": {
    "@babel/runtime": {
      "version": "7.15.4",
      "resolved": "https://registry.npmjs.org/@babel/runtime/-/runtime-7.15.4.tgz",
      "integrity": "sha512-99catp6bHCaxr4sJ/DbTGgHS4+Rs2RVd2g7iOap6SLGPDknRK9ztKNsE/Fg6QhSeh1FGE5f6gHGQmvvn3I3xhw==",
      "dev": true,
      "requires": {
        "regenerator-runtime": "^0.13.4"
      }
    },
    "@primer/primitives": {
      "version": "4.8.1",
      "resolved": "https://registry.npmjs.org/@primer/primitives/-/primitives-4.8.1.tgz",
      "integrity": "sha512-mgr6+EKpn4DixuhLt3drk7QmNQO8M7RYONWovg1nkV7p56jklhDLfZmp1luLUee37eQGAxx3ToStL6gqINFjnQ==",
      "dev": true
    },
    "css-vendor": {
      "version": "2.0.8",
      "resolved": "https://registry.npmjs.org/css-vendor/-/css-vendor-2.0.8.tgz",
      "integrity": "sha512-x9Aq0XTInxrkuFeHKbYC7zWY8ai7qJ04Kxd9MnvbC1uO5DagxoHQjm4JvG+vCdXOoFtCjbL2XSZfxmoYa9uQVQ==",
      "dev": true,
      "requires": {
        "@babel/runtime": "^7.8.3",
        "is-in-browser": "^1.0.2"
      }
    },
    "csstype": {
      "version": "3.0.9",
      "resolved": "https://registry.npmjs.org/csstype/-/csstype-3.0.9.tgz",
      "integrity": "sha512-rpw6JPxK6Rfg1zLOYCSwle2GFOOsnjmDYDaBwEcwoOg4qlsIVCN789VkBZDJAGi4T07gI4YSutR43t9Zz4Lzuw==",
      "dev": true
    },
    "hyphenate-style-name": {
      "version": "1.0.4",
      "resolved": "https://registry.npmjs.org/hyphenate-style-name/-/hyphenate-style-name-1.0.4.tgz",
      "integrity": "sha512-ygGZLjmXfPHj+ZWh6LwbC37l43MhfztxetbFCoYTM2VjkIUpeHgSNn7QIyVFj7YQ1Wl9Cbw5sholVJPzWvC2MQ==",
      "dev": true
    },
    "is-in-browser": {
      "version": "1.1.3",
      "resolved": "https://registry.npmjs.org/is-in-browser/-/is-in-browser-1.1.3.tgz",
      "integrity": "sha1-Vv9NtoOgeMYILrldrX3GLh0E+DU=",
      "dev": true
    },
    "jss": {
      "version": "10.8.0",
      "resolved": "https://registry.npmjs.org/jss/-/jss-10.8.0.tgz",
      "integrity": "sha512-6fAMLJrVQ8epM5ghghxWqCwRR0ZamP2cKbOAtzPudcCMSNdAqtvmzQvljUZYR8OXJIeb/IpZeOXA1sDXms4R1w==",
      "dev": true,
      "requires": {
        "@babel/runtime": "^7.3.1",
        "csstype": "^3.0.2",
        "is-in-browser": "^1.1.3",
        "tiny-warning": "^1.0.2"
      }
    },
    "jss-plugin-camel-case": {
      "version": "10.8.0",
      "resolved": "https://registry.npmjs.org/jss-plugin-camel-case/-/jss-plugin-camel-case-10.8.0.tgz",
      "integrity": "sha512-yxlXrXwcCdGw+H4BC187dEu/RFyW8joMcWfj8Rk9UPgWTKu2Xh7Sib4iW3xXjHe/t5phOHF1rBsHleHykWix7g==",
      "dev": true,
      "requires": {
        "@babel/runtime": "^7.3.1",
        "hyphenate-style-name": "^1.0.3",
        "jss": "10.8.0"
      }
    },
    "jss-plugin-compose": {
      "version": "10.8.0",
      "resolved": "https://registry.npmjs.org/jss-plugin-compose/-/jss-plugin-compose-10.8.0.tgz",
      "integrity": "sha512-rTUkBtrXhIiqXZ+U+36HTdnL6B2464gPAqiggKKbgoSkt3w922htwFO9ejwHCmZg5zcH1BSAbDpR24dtGvKd/g==",
      "dev": true,
      "requires": {
        "@babel/runtime": "^7.3.1",
        "jss": "10.8.0",
        "tiny-warning": "^1.0.2"
      }
    },
    "jss-plugin-default-unit": {
      "version": "10.8.0",
      "resolved": "https://registry.npmjs.org/jss-plugin-default-unit/-/jss-plugin-default-unit-10.8.0.tgz",
      "integrity": "sha512-9XJV546cY9zV9OvIE/v/dOaxSi4062VfYQQfwbplRExcsU2a79Yn+qDz/4ciw6P4LV1Naq90U+OffAGRHfNq/Q==",
      "dev": true,
      "requires": {
        "@babel/runtime": "^7.3.1",
        "jss": "10.8.0"
      }
    },
    "jss-plugin-expand": {
      "version": "10.8.0",
      "resolved": "https://registry.npmjs.org/jss-plugin-expand/-/jss-plugin-expand-10.8.0.tgz",
      "integrity": "sha512-ax5IEmcpkGFzyFpUIsDrEbxAd2w9M2GezP4uHcOdBNAmUTGBNFQ8VHjz6N9W1815RM4W9ChuLDjnPz1weDn4vQ==",
      "dev": true,
      "requires": {
        "@babel/runtime": "^7.3.1",
        "jss": "10.8.0"
      }
    },
    "jss-plugin-extend": {
      "version": "10.8.0",
      "resolved": "https://registry.npmjs.org/jss-plugin-extend/-/jss-plugin-extend-10.8.0.tgz",
      "integrity": "sha512-P5GyV9LaLJ/lcodznDnMfTNgvLPL6RQg2Y6gdvkWrSb8xZmMWOKOoYe30THFkkNHGG43dE4OPZaVVDca6heyPw==",
      "dev": true,
      "requires": {
        "@babel/runtime": "^7.3.1",
        "jss": "10.8.0",
        "tiny-warning": "^1.0.2"
      }
    },
    "jss-plugin-global": {
      "version": "10.8.0",
      "resolved": "https://registry.npmjs.org/jss-plugin-global/-/jss-plugin-global-10.8.0.tgz",
      "integrity": "sha512-H/8h/bHd4e7P0MpZ9zaUG8NQSB2ie9rWo/vcCP6bHVerbKLGzj+dsY22IY3+/FNRS8zDmUyqdZx3rD8k4nmH4w==",
      "dev": true,
      "requires": {
        "@babel/runtime": "^7.3.1",
        "jss": "10.8.0"
      }
    },
    "jss-plugin-nested": {
      "version": "10.8.0",
      "resolved": "https://registry.npmjs.org/jss-plugin-nested/-/jss-plugin-nested-10.8.0.tgz",
      "integrity": "sha512-MhmINZkSxyFILcFBuDoZmP1+wj9fik/b9SsjoaggkGjdvMQCES21mj4K5ZnRGVm448gIXyi9j/eZjtDzhaHUYQ==",
      "dev": true,
      "requires": {
        "@babel/runtime": "^7.3.1",
        "jss": "10.8.0",
        "tiny-warning": "^1.0.2"
      }
    },
    "jss-plugin-props-sort": {
      "version": "10.8.0",
      "resolved": "https://registry.npmjs.org/jss-plugin-props-sort/-/jss-plugin-props-sort-10.8.0.tgz",
      "integrity": "sha512-VY+Wt5WX5GMsXDmd+Ts8+O16fpiCM81svbox++U3LDbJSM/g9FoMx3HPhwUiDfmgHL9jWdqEuvSl/JAk+mh6mQ==",
      "dev": true,
      "requires": {
        "@babel/runtime": "^7.3.1",
        "jss": "10.8.0"
      }
    },
    "jss-plugin-rule-value-function": {
      "version": "10.8.0",
      "resolved": "https://registry.npmjs.org/jss-plugin-rule-value-function/-/jss-plugin-rule-value-function-10.8.0.tgz",
      "integrity": "sha512-R8N8Ma6Oye1F9HroiUuHhVjpPsVq97uAh+rMI6XwKLqirIu2KFb5x33hPj+vNBMxSHc9jakhf5wG0BbQ7fSDOg==",
      "dev": true,
      "requires": {
        "@babel/runtime": "^7.3.1",
        "jss": "10.8.0",
        "tiny-warning": "^1.0.2"
      }
    },
    "jss-plugin-rule-value-observable": {
      "version": "10.8.0",
      "resolved": "https://registry.npmjs.org/jss-plugin-rule-value-observable/-/jss-plugin-rule-value-observable-10.8.0.tgz",
      "integrity": "sha512-hd3O7dsiWBUfThZTJGtwGqFx2nFLp7lhuAekZ9lw6eDyLGG4+LlcTEUSL6cqcA9bHEgonz8wRI91cQiIk7C2/g==",
      "dev": true,
      "requires": {
        "@babel/runtime": "^7.3.1",
        "jss": "10.8.0",
        "symbol-observable": "^1.2.0"
      }
    },
    "jss-plugin-template": {
      "version": "10.8.0",
      "resolved": "https://registry.npmjs.org/jss-plugin-template/-/jss-plugin-template-10.8.0.tgz",
      "integrity": "sha512-YpyJ1fNoCltl/oaxYRpkFHu8oycDoZCVNVaNR05W6qU1ZKUk6CGr0VHuoWJrncvPDoclhCqEmh8Dzy3twHtWIQ==",
      "dev": true,
      "requires": {
        "@babel/runtime": "^7.3.1",
        "jss": "10.8.0",
        "tiny-warning": "^1.0.2"
      }
    },
    "jss-plugin-vendor-prefixer": {
      "version": "10.8.0",
      "resolved": "https://registry.npmjs.org/jss-plugin-vendor-prefixer/-/jss-plugin-vendor-prefixer-10.8.0.tgz",
      "integrity": "sha512-G1zD0J8dFwKZQ+GaZaay7A/Tg7lhDw0iEkJ/iFFA5UPuvZFpMprCMQttXcTBhLlhhWnyZ8YPn4yqp+amrhQekw==",
      "dev": true,
      "requires": {
        "@babel/runtime": "^7.3.1",
        "css-vendor": "^2.0.8",
        "jss": "10.8.0"
      }
    },
    "jss-preset-default": {
      "version": "10.8.0",
      "resolved": "https://registry.npmjs.org/jss-preset-default/-/jss-preset-default-10.8.0.tgz",
      "integrity": "sha512-GgB/sgosf8O6v1H9wZ2sXuC142lU+rvGtRZSuyW3W4lfn9Q9hxq6mNGd6hGmYHDHPM2FbbFxOo50E0U8R4xKCw==",
      "dev": true,
      "requires": {
        "@babel/runtime": "^7.3.1",
        "jss": "10.8.0",
        "jss-plugin-camel-case": "10.8.0",
        "jss-plugin-compose": "10.8.0",
        "jss-plugin-default-unit": "10.8.0",
        "jss-plugin-expand": "10.8.0",
        "jss-plugin-extend": "10.8.0",
        "jss-plugin-global": "10.8.0",
        "jss-plugin-nested": "10.8.0",
        "jss-plugin-props-sort": "10.8.0",
        "jss-plugin-rule-value-function": "10.8.0",
        "jss-plugin-rule-value-observable": "10.8.0",
        "jss-plugin-template": "10.8.0",
        "jss-plugin-vendor-prefixer": "10.8.0"
      }
    },
    "regenerator-runtime": {
      "version": "0.13.9",
      "resolved": "https://registry.npmjs.org/regenerator-runtime/-/regenerator-runtime-0.13.9.tgz",
      "integrity": "sha512-p3VT+cOEgxFsRRA9X4lkI1E+k2/CtnKtU4gcxyaCUreilL/vqI6CdZ3wxVUx3UOUg+gnUOQQcRI7BmSI656MYA==",
      "dev": true
    },
    "symbol-observable": {
      "version": "1.2.0",
      "resolved": "https://registry.npmjs.org/symbol-observable/-/symbol-observable-1.2.0.tgz",
      "integrity": "sha512-e900nM8RRtGhlV36KGEU9k65K3mPb1WV70OdjfxlG2EAuM1noi/E/BaW/uMhL7bPEssK8QV57vN3esixjUvcXQ==",
      "dev": true
    },
    "tiny-warning": {
      "version": "1.0.3",
      "resolved": "https://registry.npmjs.org/tiny-warning/-/tiny-warning-1.0.3.tgz",
      "integrity": "sha512-lBN9zLN/oAf68o3zNXYrdCt1kP8WsiGW8Oo2ka41b2IM5JL/S1CTyX1rW0mb/zSuJun0ZUrDxx4sqvYS2FWzPA==",
      "dev": true
    }
  }
}
